github.com/gaissmai/cidrtree v0.5.0 h1:noZ73FM38fRV5Uw28jTcKRTHX/84ylEMT87sVuFqt1Y=
github.com/gaissmai/cidrtree v0.5.0/go.mod h1:7snMgBXDWPq7v67RtDmGqOt6i4HGEhvFBIbg9nUiQ5k=
github.com/gaissmai/extnetip v1.1.0 h1:ZWEPVPUtw1o//CWh69/Eo79gWEKVYB1STrJjpTR4Q7E=
github.com/gaissmai/extnetip v1.1.0/go.mod h1:Ad+qyjy0r98Uc655JzzWoBTzDW29QR4YZDxzHgqhuqM=
github.com/psanford/awsip v0.0.0-20241003072824-b673092ce6ab h1:HEM3rsC2KPdGjYse6hXKDkx24aeGXFRl5RdLby6E3D4=
github.com/psanford/awsip v0.0.0-20241003072824-b673092ce6ab/go.mod h1:BpoUEpbQjm8fcYXenzOb2EahFIina+d3PprIJ0n5Sno=
github.com/psanford/cloudflareip v0.0.0-20240811072658-acd6b0d934b9 h1:UbTwHT+bmNLyBnTDOmpxSRnHgkKwPw/8CJCx5hPxx4U=
github.com/psanford/cloudflareip v0.0.0-20240811072658-acd6b0d934b9/go.mod h1:iDcdu6kdlo1lBvC11YnNYYr24aSZjIC3/JM5JL6Krxs=
github.com/psanford/gcpip v0.0.0-20240923072740-de6207b0fdde h1:9iwpQrX5amynufW2H2K3HRw6hrj0//h50k9hOc/kSX4=
github.com/psanford/gcpip v0.0.0-20240923072740-de6207b0fdde/go.mod h1:GFYQ24+p/qNNQk+EGHsGD/HpGUEN5zovpG6sws6o+Yk=
golang.org/x/mod v0.21.0 h1:vvrHzRwRfVKSiLrG+d4FMl/Qi4ukBCE6kZlTUkDYRT0=
golang.org/x/mod v0.21.0/go.mod h1:6SkKJ3Xj0I0BrPOZoBy3bdMptDDU9oJrpohJ3eWZ1fY=
golang.org/x/sync v0.8.0 h1:3NFvSEYkUoMifnESzZl15y791HH1qU2xm6eCJU5ZPXQ=
golang.org/x/sync v0.8.0/go.mod h1:Czt+wKu1gCyEFDUtn0jG5QVvpJ6rzVqr5aXyt9drQfk=
golang.org/x/tools v0.25.0 h1:oFU9pkj/iJgs+0DT+VMHrx+oBKs/LJMV+Uvg78sl+fE=
golang.org/x/tools v0.25.0/go.mod h1:/vtpO8WL1N9cQC3FN5zPqb//fRXskFHbLKk4OW1Q7rg=
