github.com/gaissmai/cidrtree v0.5.0 h1:noZ73FM38fRV5Uw28jTcKRTHX/84ylEMT87sVuFqt1Y=
github.com/gaissmai/cidrtree v0.5.0/go.mod h1:7snMgBXDWPq7v67RtDmGqOt6i4HGEhvFBIbg9nUiQ5k=
github.com/gaissmai/extnetip v1.3.2 h1:lNjdWx0pT6hXSfp4lc6jG1WPne0/PS2T8kRPYw26NsM=
github.com/gaissmai/extnetip v1.3.2/go.mod h1:PepswGWH0GJ4XSdiY7bY2EaEPpCQs7OaYcySeW525fg=
github.com/google/go-cmp v0.6.0 h1:ofyhxvXcZhMsU5ulbFiLKl/XBFqE1GSq7atu8tAmTRI=
github.com/google/go-cmp v0.6.0/go.mod h1:17dUlkBOakJ0+DkrSSNjCkIjxS6bF9zb3elmeNGIjoY=
github.com/psanford/awsip v0.0.0-20260819075556-8b1840fe876e h1:2Hnrini+Ke7nQCSH2vLh+EOmq2Zu9EWIYNEChSYxy54=
github.com/psanford/awsip v0.0.0-20260819075556-8b1840fe876e/go.mod h1:BpoUEpbQjm8fcYXenzOb2EahFIina+d3PprIJ0n5Sno=
github.com/psanford/cloudflareip v0.0.0-20240811072658-acd6b0d934b9 h1:UbTwHT+bmNLyBnTDOmpxSRnHgkKwPw/8CJCx5hPxx4U=
github.com/psanford/cloudflareip v0.0.0-20240811072658-acd6b0d934b9/go.mod h1:iDcdu6kdlo1lBvC11YnNYYr24aSZjIC3/JM5JL6Krxs=
github.com/psanford/gcpip v0.0.0-20260815074528-54bc3d53e605 h1:kQHWcGFXZPP9HXBTNnPUsNgP5bPpWGd4P2WV6p8yEAI=
github.com/psanford/gcpip v0.0.0-20260815074528-54bc3d53e605/go.mod h1:GFYQ24+p/qNNQk+EGHsGD/HpGUEN5zovpG6sws6o+Yk=
github.com/psanford/githubip v0.0.0-20260813084146-0f0f81ff4c17 h1:g2F8oCso1V0P6JohtX3k0WDFM02dpm6g8ntM/Hn760o=
github.com/psanford/githubip v0.0.0-20260813084146-0f0f81ff4c17/go.mod h1:f5udajFqycbEQC8xBl3Za2vRK7FM4YmixzWMUURG5vg=
golang.org/x/mod v0.40.0 h1:hUv+3cXcdRHz08UmSiOob7sadHig73uo5bkXxQ/tvUs=
golang.org/x/mod v0.40.0/go.mod h1:0/weTWkPWGBikyTWAX3dkjVztMmBA5hM0DH6BElSupE=
golang.org/x/sync v0.22.0 h1:SZjpbeLmrCk4xhRSZFNZW5gFUeCeFgjekvI/+gfScek=
golang.org/x/sync v0.22.0/go.mod h1:9xrNwdLfx4jkKbNva9FpL6vEN7evnE43NNNJQ2LF3+0=
golang.org/x/tools v0.49.0 h1:3NI7VXzL9+1WZD52Dx2ttoPwD5DWrFGpl9mFZDlmisI=
golang.org/x/tools v0.49.0/go.mod h1:SJNXV9DBKT0UbdttsQjbfJlAE/q+y36++zo3uL3N0Oo=
