github.com/gaissmai/cidrtree v0.5.0 h1:noZ73FM38fRV5Uw28jTcKRTHX/84ylEMT87sVuFqt1Y=
github.com/gaissmai/cidrtree v0.5.0/go.mod h1:7snMgBXDWPq7v67RtDmGqOt6i4HGEhvFBIbg9nUiQ5k=
github.com/gaissmai/extnetip v1.3.0 h1:F2YcEnvw6ymn65sMkXSSqTx39R8+JDgsp/DYwGseguM=
github.com/gaissmai/extnetip v1.3.0/go.mod h1:PepswGWH0GJ4XSdiY7bY2EaEPpCQs7OaYcySeW525fg=
github.com/google/go-cmp v0.6.0 h1:ofyhxvXcZhMsU5ulbFiLKl/XBFqE1GSq7atu8tAmTRI=
github.com/google/go-cmp v0.6.0/go.mod h1:17dUlkBOakJ0+DkrSSNjCkIjxS6bF9zb3elmeNGIjoY=
github.com/psanford/awsip v0.0.0-20250906072629-b74a28920a4d h1:jrFXSeGZ/HYJ722tz2ZhQVi049n34+9YE6XhkmoRZXo=
github.com/psanford/awsip v0.0.0-20250906072629-b74a28920a4d/go.mod h1:BpoUEpbQjm8fcYXenzOb2EahFIina+d3PprIJ0n5Sno=
github.com/psanford/cloudflareip v0.0.0-20240811072658-acd6b0d934b9 h1:UbTwHT+bmNLyBnTDOmpxSRnHgkKwPw/8CJCx5hPxx4U=
github.com/psanford/cloudflareip v0.0.0-20240811072658-acd6b0d934b9/go.mod h1:iDcdu6kdlo1lBvC11YnNYYr24aSZjIC3/JM5JL6Krxs=
github.com/psanford/gcpip v0.0.0-20250907072641-9b5b5ce87a2e h1:k/b5wXXzt6jO3S6jDSGeUC1tBkCwfMB648e9VAXtFdM=
github.com/psanford/gcpip v0.0.0-20250907072641-9b5b5ce87a2e/go.mod h1:GFYQ24+p/qNNQk+EGHsGD/HpGUEN5zovpG6sws6o+Yk=
github.com/psanford/githubip v0.0.0-20250903072709-e178ffdb2a58 h1:2kybJgcsmCOkxIAOU1zPpbFmr1SRy1QDZ7twSKWfPNA=
github.com/psanford/githubip v0.0.0-20250903072709-e178ffdb2a58/go.mod h1:f5udajFqycbEQC8xBl3Za2vRK7FM4YmixzWMUURG5vg=
golang.org/x/mod v0.28.0 h1:gQBtGhjxykdjY9YhZpSlZIsbnaE2+PgjfLWUQTnoZ1U=
golang.org/x/mod v0.28.0/go.mod h1:yfB/L0NOf/kmEbXjzCPOx1iK1fRutOydrCMsqRhEBxI=
golang.org/x/sync v0.17.0 h1:l60nONMj9l5drqw6jlhIELNv9I0A4OFgRsG9k2oT9Ug=
golang.org/x/sync v0.17.0/go.mod h1:9KTHXmSnoGruLpwFjVSX0lNNA75CykiMECbovNTZqGI=
golang.org/x/tools v0.36.0 h1:kWS0uv/zsvHEle1LbV5LE8QujrxB3wfQyxHfhOk0Qkg=
golang.org/x/tools v0.36.0/go.mod h1:WBDiHKJK8YgLHlcQPYQzNCkUxUypCaa5ZegCVutKm+s=
